// !$*UTF8*$!
{
	archiveVersion = 1;
	classes = {
	};
	objectVersion = 50;
	objects = {

/* Begin PBXBuildFile section */
		3C0313FD21C2A9B800E5748A /* ListViewController.swift in Sources */ = {isa = PBXBuildFile; fileRef = 3C0313FC21C2A9B800E5748A /* ListViewController.swift */; };
		3C0313FF21C3B96000E5748A /* Role.swift in Sources */ = {isa = PBXBuildFile; fileRef = 3C0313FE21C3B96000E5748A /* Role.swift */; };
		3C03140121C3CE8100E5748A /* RoleViewController.swift in Sources */ = {isa = PBXBuildFile; fileRef = 3C03140021C3CE8100E5748A /* RoleViewController.swift */; };
		3C03140321C3DDA300E5748A /* AssignmentCell.swift in Sources */ = {isa = PBXBuildFile; fileRef = 3C03140221C3DDA300E5748A /* AssignmentCell.swift */; };
		3C03140521C7A9D500E5748A /* ConsultantViewController.swift in Sources */ = {isa = PBXBuildFile; fileRef = 3C03140421C7A9D500E5748A /* ConsultantViewController.swift */; };
		3C35ACB521C2956700D07921 /* AppDelegate.swift in Sources */ = {isa = PBXBuildFile; fileRef = 3C35ACB421C2956700D07921 /* AppDelegate.swift */; };
		3C35ACB721C2956700D07921 /* HomeViewController.swift in Sources */ = {isa = PBXBuildFile; fileRef = 3C35ACB621C2956700D07921 /* HomeViewController.swift */; };
		3C35ACBA21C2956700D07921 /* Main.storyboard in Resources */ = {isa = PBXBuildFile; fileRef = 3C35ACB821C2956700D07921 /* Main.storyboard */; };
		3C35ACBC21C2956700D07921 /* Assets.xcassets in Resources */ = {isa = PBXBuildFile; fileRef = 3C35ACBB21C2956700D07921 /* Assets.xcassets */; };
		3C35ACBF21C2956700D07921 /* LaunchScreen.storyboard in Resources */ = {isa = PBXBuildFile; fileRef = 3C35ACBD21C2956700D07921 /* LaunchScreen.storyboard */; };
		3C35ACCA21C2956700D07921 /* PrepLightTests.swift in Sources */ = {isa = PBXBuildFile; fileRef = 3C35ACC921C2956700D07921 /* PrepLightTests.swift */; };
		3C35ACD521C2956700D07921 /* PrepLightUITests.swift in Sources */ = {isa = PBXBuildFile; fileRef = 3C35ACD421C2956700D07921 /* PrepLightUITests.swift */; };
/* End PBXBuildFile section */

/* Begin PBXContainerItemProxy section */
		3C35ACC621C2956700D07921 /* PBXContainerItemProxy */ = {
			isa = PBXContainerItemProxy;
			containerPortal = 3C35ACA921C2956700D07921 /* Project object */;
			proxyType = 1;
			remoteGlobalIDString = 3C35ACB021C2956700D07921;
			remoteInfo = PrepLight;
		};
		3C35ACD121C2956700D07921 /* PBXContainerItemProxy */ = {
			isa = PBXContainerItemProxy;
			containerPortal = 3C35ACA921C2956700D07921 /* Project object */;
			proxyType = 1;
			remoteGlobalIDString = 3C35ACB021C2956700D07921;
			remoteInfo = PrepLight;
		};
/* End PBXContainerItemProxy section */

/* Begin PBXFileReference section */
		3C0313FC21C2A9B800E5748A /* ListViewController.swift */ = {isa = PBXFileReference; lastKnownFileType = sourcecode.swift; path = ListViewController.swift; sourceTree = "<group>"; };
		3C0313FE21C3B96000E5748A /* Role.swift */ = {isa = PBXFileReference; lastKnownFileType = sourcecode.swift; path = Role.swift; sourceTree = "<group>"; };
		3C03140021C3CE8100E5748A /* RoleViewController.swift */ = {isa = PBXFileReference; lastKnownFileType = sourcecode.swift; path = RoleViewController.swift; sourceTree = "<group>"; };
		3C03140221C3DDA300E5748A /* AssignmentCell.swift */ = {isa = PBXFileReference; lastKnownFileType = sourcecode.swift; path = AssignmentCell.swift; sourceTree = "<group>"; };
		3C03140421C7A9D500E5748A /* ConsultantViewController.swift */ = {isa = PBXFileReference; lastKnownFileType = sourcecode.swift; path = ConsultantViewController.swift; sourceTree = "<group>"; };
		3C35ACB121C2956700D07921 /* PrepLight.app */ = {isa = PBXFileReference; explicitFileType = wrapper.application; includeInIndex = 0; path = PrepLight.app; sourceTree = BUILT_PRODUCTS_DIR; };
		3C35ACB421C2956700D07921 /* AppDelegate.swift */ = {isa = PBXFileReference; lastKnownFileType = sourcecode.swift; path = AppDelegate.swift; sourceTree = "<group>"; };
		3C35ACB621C2956700D07921 /* HomeViewController.swift */ = {isa = PBXFileReference; lastKnownFileType = sourcecode.swift; path = HomeViewController.swift; sourceTree = "<group>"; };
		3C35ACB921C2956700D07921 /* Base */ = {isa = PBXFileReference; lastKnownFileType = file.storyboard; name = Base; path = Base.lproj/Main.storyboard; sourceTree = "<group>"; };
		3C35ACBB21C2956700D07921 /* Assets.xcassets */ = {isa = PBXFileReference; lastKnownFileType = folder.assetcatalog; path = Assets.xcassets; sourceTree = "<group>"; };
		3C35ACBE21C2956700D07921 /* Base */ = {isa = PBXFileReference; lastKnownFileType = file.storyboard; name = Base; path = Base.lproj/LaunchScreen.storyboard; sourceTree = "<group>"; };
		3C35ACC021C2956700D07921 /* Info.plist */ = {isa = PBXFileReference; lastKnownFileType = text.plist.xml; path = Info.plist; sourceTree = "<group>"; };
		3C35ACC521C2956700D07921 /* PrepLightTests.xctest */ = {isa = PBXFileReference; explicitFileType = wrapper.cfbundle; includeInIndex = 0; path = PrepLightTests.xctest; sourceTree = BUILT_PRODUCTS_DIR; };
		3C35ACC921C2956700D07921 /* PrepLightTests.swift */ = {isa = PBXFileReference; lastKnownFileType = sourcecode.swift; path = PrepLightTests.swift; sourceTree = "<group>"; };
		3C35ACCB21C2956700D07921 /* Info.plist */ = {isa = PBXFileReference; lastKnownFileType = text.plist.xml; path = Info.plist; sourceTree = "<group>"; };
		3C35ACD021C2956700D07921 /* PrepLightUITests.xctest */ = {isa = PBXFileReference; explicitFileType = wrapper.cfbundle; includeInIndex = 0; path = PrepLightUITests.xctest; sourceTree = BUILT_PRODUCTS_DIR; };
		3C35ACD421C2956700D07921 /* PrepLightUITests.swift */ = {isa = PBXFileReference; lastKnownFileType = sourcecode.swift; path = PrepLightUITests.swift; sourceTree = "<group>"; };
		3C35ACD621C2956700D07921 /* Info.plist */ = {isa = PBXFileReference; lastKnownFileType = text.plist.xml; path = Info.plist; sourceTree = "<group>"; };
/* End PBXFileReference section */

/* Begin PBXFrameworksBuildPhase section */
		3C35ACAE21C2956700D07921 /* Frameworks */ = {
			isa = PBXFrameworksBuildPhase;
			buildActionMask = 2147483647;
			files = (
			);
			runOnlyForDeploymentPostprocessing = 0;
		};
		3C35ACC221C2956700D07921 /* Frameworks */ = {
			isa = PBXFrameworksBuildPhase;
			buildActionMask = 2147483647;
			files = (
			);
			runOnlyForDeploymentPostprocessing = 0;
		};
		3C35ACCD21C2956700D07921 /* Frameworks */ = {
			isa = PBXFrameworksBuildPhase;
			buildActionMask = 2147483647;
			files = (
			);
			runOnlyForDeploymentPostprocessing = 0;
		};
/* End PBXFrameworksBuildPhase section */

/* Begin PBXGroup section */
		3C35ACA821C2956700D07921 = {
			isa = PBXGroup;
			children = (
				3C35ACB321C2956700D07921 /* PrepLight */,
				3C35ACC821C2956700D07921 /* PrepLightTests */,
				3C35ACD321C2956700D07921 /* PrepLightUITests */,
				3C35ACB221C2956700D07921 /* Products */,
			);
			sourceTree = "<group>";
		};
		3C35ACB221C2956700D07921 /* Products */ = {
			isa = PBXGroup;
			children = (
				3C35ACB121C2956700D07921 /* PrepLight.app */,
				3C35ACC521C2956700D07921 /* PrepLightTests.xctest */,
				3C35ACD021C2956700D07921 /* PrepLightUITests.xctest */,
			);
			name = Products;
			sourceTree = "<group>";
		};
		3C35ACB321C2956700D07921 /* PrepLight */ = {
			isa = PBXGroup;
			children = (
				3C35ACB421C2956700D07921 /* AppDelegate.swift */,
				3C35ACB621C2956700D07921 /* HomeViewController.swift */,
				3C0313FC21C2A9B800E5748A /* ListViewController.swift */,
				3C03140221C3DDA300E5748A /* AssignmentCell.swift */,
				3C03140021C3CE8100E5748A /* RoleViewController.swift */,
				3C0313FE21C3B96000E5748A /* Role.swift */,
				3C35ACB821C2956700D07921 /* Main.storyboard */,
				3C35ACBB21C2956700D07921 /* Assets.xcassets */,
				3C35ACBD21C2956700D07921 /* LaunchScreen.storyboard */,
				3C35ACC021C2956700D07921 /* Info.plist */,
				3C03140421C7A9D500E5748A /* ConsultantViewController.swift */,
			);
			path = PrepLight;
			sourceTree = "<group>";
		};
		3C35ACC821C2956700D07921 /* PrepLightTests */ = {
			isa = PBXGroup;
			children = (
				3C35ACC921C2956700D07921 /* PrepLightTests.swift */,
				3C35ACCB21C2956700D07921 /* Info.plist */,
			);
			path = PrepLightTests;
			sourceTree = "<group>";
		};
		3C35ACD321C2956700D07921 /* PrepLightUITests */ = {
			isa = PBXGroup;
			children = (
				3C35ACD421C2956700D07921 /* PrepLightUITests.swift */,
				3C35ACD621C2956700D07921 /* Info.plist */,
			);
			path = PrepLightUITests;
			sourceTree = "<group>";
		};
/* End PBXGroup section */

/* Begin PBXNativeTarget section */
		3C35ACB021C2956700D07921 /* PrepLight */ = {
			isa = PBXNativeTarget;
			buildConfigurationList = 3C35ACD921C2956700D07921 /* Build configuration list for PBXNativeTarget "PrepLight" */;
			buildPhases = (
				3C35ACAD21C2956700D07921 /* Sources */,
				3C35ACAE21C2956700D07921 /* Frameworks */,
				3C35ACAF21C2956700D07921 /* Resources */,
			);
			buildRules = (
			);
			dependencies = (
			);
			name = PrepLight;
			productName = PrepLight;
			productReference = 3C35ACB121C2956700D07921 /* PrepLight.app */;
			productType = "com.apple.product-type.application";
		};
		3C35ACC421C2956700D07921 /* PrepLightTests */ = {
			isa = PBXNativeTarget;
			buildConfigurationList = 3C35ACDC21C2956700D07921 /* Build configuration list for PBXNativeTarget "PrepLightTests" */;
			buildPhases = (
				3C35ACC121C2956700D07921 /* Sources */,
				3C35ACC221C2956700D07921 /* Frameworks */,
				3C35ACC321C2956700D07921 /* Resources */,
			);
			buildRules = (
			);
			dependencies = (
				3C35ACC721C2956700D07921 /* PBXTargetDependency */,
			);
			name = PrepLightTests;
			productName = PrepLightTests;
			productReference = 3C35ACC521C2956700D07921 /* PrepLightTests.xctest */;
			productType = "com.apple.product-type.bundle.unit-test";
		};
		3C35ACCF21C2956700D07921 /* PrepLightUITests */ = {
			isa = PBXNativeTarget;
			buildConfigurationList = 3C35ACDF21C2956700D07921 /* Build configuration list for PBXNativeTarget "PrepLightUITests" */;
			buildPhases = (
				3C35ACCC21C2956700D07921 /* Sources */,
				3C35ACCD21C2956700D07921 /* Frameworks */,
				3C35ACCE21C2956700D07921 /* Resources */,
			);
			buildRules = (
			);
			dependencies = (
				3C35ACD221C2956700D07921 /* PBXTargetDependency */,
			);
			name = PrepLightUITests;
			productName = PrepLightUITests;
			productReference = 3C35ACD021C2956700D07921 /* PrepLightUITests.xctest */;
			productType = "com.apple.product-type.bundle.ui-testing";
		};
/* End PBXNativeTarget section */

/* Begin PBXProject section */
		3C35ACA921C2956700D07921 /* Project object */ = {
			isa = PBXProject;
			attributes = {
				LastSwiftUpdateCheck = 1010;
				LastUpgradeCheck = 1010;
				ORGANIZATIONNAME = "Fredrik Holmdahl";
				TargetAttributes = {
					3C35ACB021C2956700D07921 = {
						CreatedOnToolsVersion = 10.1;
					};
					3C35ACC421C2956700D07921 = {
						CreatedOnToolsVersion = 10.1;
						TestTargetID = 3C35ACB021C2956700D07921;
					};
					3C35ACCF21C2956700D07921 = {
						CreatedOnToolsVersion = 10.1;
						TestTargetID = 3C35ACB021C2956700D07921;
					};
				};
			};
			buildConfigurationList = 3C35ACAC21C2956700D07921 /* Build configuration list for PBXProject "PrepLight" */;
			compatibilityVersion = "Xcode 9.3";
			developmentRegion = en;
			hasScannedForEncodings = 0;
			knownRegions = (
				en,
				Base,
			);
			mainGroup = 3C35ACA821C2956700D07921;
			productRefGroup = 3C35ACB221C2956700D07921 /* Products */;
			projectDirPath = "";
			projectRoot = "";
			targets = (
				3C35ACB021C2956700D07921 /* PrepLight */,
				3C35ACC421C2956700D07921 /* PrepLightTests */,
				3C35ACCF21C2956700D07921 /* PrepLightUITests */,
			);
		};
/* End PBXProject section */

/* Begin PBXResourcesBuildPhase section */
		3C35ACAF21C2956700D07921 /* Resources */ = {
			isa = PBXResourcesBuildPhase;
			buildActionMask = 2147483647;
			files = (
				3C35ACBF21C2956700D07921 /* LaunchScreen.storyboard in Resources */,
				3C35ACBC21C2956700D07921 /* Assets.xcassets in Resources */,
				3C35ACBA21C2956700D07921 /* Main.storyboard in Resources */,
			);
			runOnlyForDeploymentPostprocessing = 0;
		};
		3C35ACC321C2956700D07921 /* Resources */ = {
			isa = PBXResourcesBuildPhase;
			buildActionMask = 2147483647;
			files = (
			);
			runOnlyForDeploymentPostprocessing = 0;
		};
		3C35ACCE21C2956700D07921 /* Resources */ = {
			isa = PBXResourcesBuildPhase;
			buildActionMask = 2147483647;
			files = (
			);
			runOnlyForDeploymentPostprocessing = 0;
		};
/* End PBXResourcesBuildPhase section */

/* Begin PBXSourcesBuildPhase section */
		3C35ACAD21C2956700D07921 /* Sources */ = {
			isa = PBXSourcesBuildPhase;
			buildActionMask = 2147483647;
			files = (
				3C03140321C3DDA300E5748A /* AssignmentCell.swift in Sources */,
				3C03140521C7A9D500E5748A /* ConsultantViewController.swift in Sources */,
				3C03140121C3CE8100E5748A /* RoleViewController.swift in Sources */,
				3C35ACB721C2956700D07921 /* HomeViewController.swift in Sources */,
				3C35ACB521C2956700D07921 /* AppDelegate.swift in Sources */,
				3C0313FD21C2A9B800E5748A /* ListViewController.swift in Sources */,
				3C0313FF21C3B96000E5748A /* Role.swift in Sources */,
			);
			runOnlyForDeploymentPostprocessing = 0;
		};
		3C35ACC121C2956700D07921 /* Sources */ = {
			isa = PBXSourcesBuildPhase;
			buildActionMask = 2147483647;
			files = (
				3C35ACCA21C2956700D07921 /* PrepLightTests.swift in Sources */,
			);
			runOnlyForDeploymentPostprocessing = 0;
		};
		3C35ACCC21C2956700D07921 /* Sources */ = {
			isa = PBXSourcesBuildPhase;
			buildActionMask = 2147483647;
			files = (
				3C35ACD521C2956700D07921 /* PrepLightUITests.swift in Sources */,
			);
			runOnlyForDeploymentPostprocessing = 0;
		};
/* End PBXSourcesBuildPhase section */

/* Begin PBXTargetDependency section */
		3C35ACC721C2956700D07921 /* PBXTargetDependency */ = {
			isa = PBXTargetDependency;
			target = 3C35ACB021C2956700D07921 /* PrepLight */;
			targetProxy = 3C35ACC621C2956700D07921 /* PBXContainerItemProxy */;
		};
		3C35ACD221C2956700D07921 /* PBXTargetDependency */ = {
			isa = PBXTargetDependency;
			target = 3C35ACB021C2956700D07921 /* PrepLight */;
			targetProxy = 3C35ACD121C2956700D07921 /* PBXContainerItemProxy */;
		};
/* End PBXTargetDependency section */

/* Begin PBXVariantGroup section */
		3C35ACB821C2956700D07921 /* Main.storyboard */ = {
			isa = PBXVariantGroup;
			children = (
				3C35ACB921C2956700D07921 /* Base */,
			);
			name = Main.storyboard;
			sourceTree = "<group>";
		};
		3C35ACBD21C2956700D07921 /* LaunchScreen.storyboard */ = {
			isa = PBXVariantGroup;
			children = (
				3C35ACBE21C2956700D07921 /* Base */,
			);
			name = LaunchScreen.storyboard;
			sourceTree = "<group>";
		};
/* End PBXVariantGroup section */

/* Begin XCBuildConfiguration section */
		3C35ACD721C2956700D07921 /* Debug */ = {
			isa = XCBuildConfiguration;
			buildSettings = {
				ALWAYS_SEARCH_USER_PATHS = NO;
				CLANG_ANALYZER_NONNULL = YES;
				CLANG_ANALYZER_NUMBER_OBJECT_CONVERSION = YES_AGGRESSIVE;
				CLANG_CXX_LANGUAGE_STANDARD = "gnu++14";
				CLANG_CXX_LIBRARY = "libc++";
				CLANG_ENABLE_MODULES = YES;
				CLANG_ENABLE_OBJC_ARC = YES;
				CLANG_ENABLE_OBJC_WEAK = YES;
				CLANG_WARN_BLOCK_CAPTURE_AUTORELEASING = YES;
				CLANG_WARN_BOOL_CONVERSION = YES;
				CLANG_WARN_COMMA = YES;
				CLANG_WARN_CONSTANT_CONVERSION = YES;
				CLANG_WARN_DEPRECATED_OBJC_IMPLEMENTATIONS = YES;
				CLANG_WARN_DIRECT_OBJC_ISA_USAGE = YES_ERROR;
				CLANG_WARN_DOCUMENTATION_COMMENTS = YES;
				CLANG_WARN_EMPTY_BODY = YES;
				CLANG_WARN_ENUM_CONVERSION = YES;
				CLANG_WARN_INFINITE_RECURSION = YES;
				CLANG_WARN_INT_CONVERSION = YES;
				CLANG_WARN_NON_LITERAL_NULL_CONVERSION = YES;
				CLANG_WARN_OBJC_IMPLICIT_RETAIN_SELF = YES;
				CLANG_WARN_OBJC_LITERAL_CONVERSION = YES;
				CLANG_WARN_OBJC_ROOT_CLASS = YES_ERROR;
				CLANG_WARN_RANGE_LOOP_ANALYSIS = YES;
				CLANG_WARN_STRICT_PROTOTYPES = YES;
				CLANG_WARN_SUSPICIOUS_MOVE = YES;
				CLANG_WARN_UNGUARDED_AVAILABILITY = YES_AGGRESSIVE;
				CLANG_WARN_UNREACHABLE_CODE = YES;
				CLANG_WARN__DUPLICATE_METHOD_MATCH = YES;
				CODE_SIGN_IDENTITY = "iPhone Developer";
				COPY_PHASE_STRIP = NO;
				DEBUG_INFORMATION_FORMAT = dwarf;
				ENABLE_STRICT_OBJC_MSGSEND = YES;
				ENABLE_TESTABILITY = YES;
				GCC_C_LANGUAGE_STANDARD = gnu11;
				GCC_DYNAMIC_NO_PIC = NO;
				GCC_NO_COMMON_BLOCKS = YES;
				GCC_OPTIMIZATION_LEVEL = 0;
				GCC_PREPROCESSOR_DEFINITIONS = (
					"DEBUG=1",
					"$(inherited)",
				);
				GCC_WARN_64_TO_32_BIT_CONVERSION = YES;
				GCC_WARN_ABOUT_RETURN_TYPE = YES_ERROR;
				GCC_WARN_UNDECLARED_SELECTOR = YES;
				GCC_WARN_UNINITIALIZED_AUTOS = YES_AGGRESSIVE;
				GCC_WARN_UNUSED_FUNCTION = YES;
				GCC_WARN_UNUSED_VARIABLE = YES;
				IPHONEOS_DEPLOYMENT_TARGET = 12.1;
				MTL_ENABLE_DEBUG_INFO = INCLUDE_SOURCE;
				MTL_FAST_MATH = YES;
				ONLY_ACTIVE_ARCH = YES;
				SDKROOT = iphoneos;
				SWIFT_ACTIVE_COMPILATION_CONDITIONS = DEBUG;
				SWIFT_OPTIMIZATION_LEVEL = "-Onone";
			};
			name = Debug;
		};
		3C35ACD821C2956700D07921 /* Release */ = {
			isa = XCBuildConfiguration;
			buildSettings = {
				ALWAYS_SEARCH_USER_PATHS = NO;
				CLANG_ANALYZER_NONNULL = YES;
				CLANG_ANALYZER_NUMBER_OBJECT_CONVERSION = YES_AGGRESSIVE;
				CLANG_CXX_LANGUAGE_STANDARD = "gnu++14";
				CLANG_CXX_LIBRARY = "libc++";
				CLANG_ENABLE_MODULES = YES;
				CLANG_ENABLE_OBJC_ARC = YES;
				CLANG_ENABLE_OBJC_WEAK = YES;
				CLANG_WARN_BLOCK_CAPTURE_AUTORELEASING = YES;
				CLANG_WARN_BOOL_CONVERSION = YES;
				CLANG_WARN_COMMA = YES;
				CLANG_WARN_CONSTANT_CONVERSION = YES;
				CLANG_WARN_DEPRECATED_OBJC_IMPLEMENTATIONS = YES;
				CLANG_WARN_DIRECT_OBJC_ISA_USAGE = YES_ERROR;
				CLANG_WARN_DOCUMENTATION_COMMENTS = YES;
				CLANG_WARN_EMPTY_BODY = YES;
				CLANG_WARN_ENUM_CONVERSION = YES;
				CLANG_WARN_INFINITE_RECURSION = YES;
				CLANG_WARN_INT_CONVERSION = YES;
				CLANG_WARN_NON_LITERAL_NULL_CONVERSION = YES;
				CLANG_WARN_OBJC_IMPLICIT_RETAIN_SELF = YES;
				CLANG_WARN_OBJC_LITERAL_CONVERSION = YES;
				CLANG_WARN_OBJC_ROOT_CLASS = YES_ERROR;
				CLANG_WARN_RANGE_LOOP_ANALYSIS = YES;
				CLANG_WARN_STRICT_PROTOTYPES = YES;
				CLANG_WARN_SUSPICIOUS_MOVE = YES;
				CLANG_WARN_UNGUARDED_AVAILABILITY = YES_AGGRESSIVE;
				CLANG_WARN_UNREACHABLE_CODE = YES;
				CLANG_WARN__DUPLICATE_METHOD_MATCH = YES;
				CODE_SIGN_IDENTITY = "iPhone Developer";
				COPY_PHASE_STRIP = NO;
				DEBUG_INFORMATION_FORMAT = "dwarf-with-dsym";
				ENABLE_NS_ASSERTIONS = NO;
				ENABLE_STRICT_OBJC_MSGSEND = YES;
				GCC_C_LANGUAGE_STANDARD = gnu11;
				GCC_NO_COMMON_BLOCKS = YES;
				GCC_WARN_64_TO_32_BIT_CONVERSION = YES;
				GCC_WARN_ABOUT_RETURN_TYPE = YES_ERROR;
				GCC_WARN_UNDECLARED_SELECTOR = YES;
				GCC_WARN_UNINITIALIZED_AUTOS = YES_AGGRESSIVE;
				GCC_WARN_UNUSED_FUNCTION = YES;
				GCC_WARN_UNUSED_VARIABLE = YES;
				IPHONEOS_DEPLOYMENT_TARGET = 12.1;
				MTL_ENABLE_DEBUG_INFO = NO;
				MTL_FAST_MATH = YES;
				SDKROOT = iphoneos;
				SWIFT_COMPILATION_MODE = wholemodule;
				SWIFT_OPTIMIZATION_LEVEL = "-O";
				VALIDATE_PRODUCT = YES;
			};
			name = Release;
		};
		3C35ACDA21C2956700D07921 /* Debug */ = {
			isa = XCBuildConfiguration;
			buildSettings = {
				ASSETCATALOG_COMPILER_APPICON_NAME = AppIcon;
				CODE_SIGN_STYLE = Automatic;
				INFOPLIST_FILE = PrepLight/Info.plist;
				LD_RUNPATH_SEARCH_PATHS = (
					"$(inherited)",
					"@executable_path/Frameworks",
				);
				PRODUCT_BUNDLE_IDENTIFIER = com.netlight.PrepLight;
				PRODUCT_NAME = "$(TARGET_NAME)";
				SWIFT_VERSION = 4.2;
				TARGETED_DEVICE_FAMILY = "1,2";
			};
			name = Debug;
		};
		3C35ACDB21C2956700D07921 /* Release */ = {
			isa = XCBuildConfiguration;
			buildSettings = {
				ASSETCATALOG_COMPILER_APPICON_NAME = AppIcon;
				CODE_SIGN_STYLE = Automatic;
				INFOPLIST_FILE = PrepLight/Info.plist;
				LD_RUNPATH_SEARCH_PATHS = (
					"$(inherited)",
					"@executable_path/Frameworks",
				);
				PRODUCT_BUNDLE_IDENTIFIER = com.netlight.PrepLight;
				PRODUCT_NAME = "$(TARGET_NAME)";
				SWIFT_VERSION = 4.2;
				TARGETED_DEVICE_FAMILY = "1,2";
			};
			name = Release;
		};
		3C35ACDD21C2956700D07921 /* Debug */ = {
			isa = XCBuildConfiguration;
			buildSettings = {
				ALWAYS_EMBED_SWIFT_STANDARD_LIBRARIES = YES;
				BUNDLE_LOADER = "$(TEST_HOST)";
				CODE_SIGN_STYLE = Automatic;
				INFOPLIST_FILE = PrepLightTests/Info.plist;
				LD_RUNPATH_SEARCH_PATHS = (
					"$(inherited)",
					"@executable_path/Frameworks",
					"@loader_path/Frameworks",
				);
				PRODUCT_BUNDLE_IDENTIFIER = com.netlight.PrepLightTests;
				PRODUCT_NAME = "$(TARGET_NAME)";
				SWIFT_VERSION = 4.2;
				TARGETED_DEVICE_FAMILY = "1,2";
				TEST_HOST = "$(BUILT_PRODUCTS_DIR)/PrepLight.app/PrepLight";
			};
			name = Debug;
		};
		3C35ACDE21C2956700D07921 /* Release */ = {
			isa = XCBuildConfiguration;
			buildSettings = {
				ALWAYS_EMBED_SWIFT_STANDARD_LIBRARIES = YES;
				BUNDLE_LOADER = "$(TEST_HOST)";
				CODE_SIGN_STYLE = Automatic;
				INFOPLIST_FILE = PrepLightTests/Info.plist;
				LD_RUNPATH_SEARCH_PATHS = (
					"$(inherited)",
					"@executable_path/Frameworks",
					"@loader_path/Frameworks",
				);
				PRODUCT_BUNDLE_IDENTIFIER = com.netlight.PrepLightTests;
				PRODUCT_NAME = "$(TARGET_NAME)";
				SWIFT_VERSION = 4.2;
				TARGETED_DEVICE_FAMILY = "1,2";
				TEST_HOST = "$(BUILT_PRODUCTS_DIR)/PrepLight.app/PrepLight";
			};
			name = Release;
		};
		3C35ACE021C2956700D07921 /* Debug */ = {
			isa = XCBuildConfiguration;
			buildSettings = {
				ALWAYS_EMBED_SWIFT_STANDARD_LIBRARIES = YES;
				CODE_SIGN_STYLE = Automatic;
				INFOPLIST_FILE = PrepLightUITests/Info.plist;
				LD_RUNPATH_SEARCH_PATHS = (
					"$(inherited)",
					"@executable_path/Frameworks",
					"@loader_path/Frameworks",
				);
				PRODUCT_BUNDLE_IDENTIFIER = com.netlight.PrepLightUITests;
				PRODUCT_NAME = "$(TARGET_NAME)";
				SWIFT_VERSION = 4.2;
				TARGETED_DEVICE_FAMILY = "1,2";
				TEST_TARGET_NAME = PrepLight;
			};
			name = Debug;
		};
		3C35ACE121C2956700D07921 /* Release */ = {
			isa = XCBuildConfiguration;
			buildSettings = {
				ALWAYS_EMBED_SWIFT_STANDARD_LIBRARIES = YES;
				CODE_SIGN_STYLE = Automatic;
				INFOPLIST_FILE = PrepLightUITests/Info.plist;
				LD_RUNPATH_SEARCH_PATHS = (
					"$(inherited)",
					"@executable_path/Frameworks",
					"@loader_path/Frameworks",
				);
				PRODUCT_BUNDLE_IDENTIFIER = com.netlight.PrepLightUITests;
				PRODUCT_NAME = "$(TARGET_NAME)";
				SWIFT_VERSION = 4.2;
				TARGETED_DEVICE_FAMILY = "1,2";
				TEST_TARGET_NAME = PrepLight;
			};
			name = Release;
		};
/* End XCBuildConfiguration section */

/* Begin XCConfigurationList section */
		3C35ACAC21C2956700D07921 /* Build configuration list for PBXProject "PrepLight" */ = {
			isa = XCConfigurationList;
			buildConfigurations = (
				3C35ACD721C2956700D07921 /* Debug */,
				3C35ACD821C2956700D07921 /* Release */,
			);
			defaultConfigurationIsVisible = 0;
			defaultConfigurationName = Release;
		};
		3C35ACD921C2956700D07921 /* Build configuration list for PBXNativeTarget "PrepLight" */ = {
			isa = XCConfigurationList;
			buildConfigurations = (
				3C35ACDA21C2956700D07921 /* Debug */,
				3C35ACDB21C2956700D07921 /* Release */,
			);
			defaultConfigurationIsVisible = 0;
			defaultConfigurationName = Release;
		};
		3C35ACDC21C2956700D07921 /* Build configuration list for PBXNativeTarget "PrepLightTests" */ = {
			isa = XCConfigurationList;
			buildConfigurations = (
				3C35ACDD21C2956700D07921 /* Debug */,
				3C35ACDE21C2956700D07921 /* Release */,
			);
			defaultConfigurationIsVisible = 0;
			defaultConfigurationName = Release;
		};
		3C35ACDF21C2956700D07921 /* Build configuration list for PBXNativeTarget "PrepLightUITests" */ = {
			isa = XCConfigurationList;
			buildConfigurations = (
				3C35ACE021C2956700D07921 /* Debug */,
				3C35ACE121C2956700D07921 /* Release */,
			);
			defaultConfigurationIsVisible = 0;
			defaultConfigurationName = Release;
		};
/* End XCConfigurationList section */
	};
	rootObject = 3C35ACA921C2956700D07921 /* Project object */;
}
